// !$*UTF8*$!
{
	archiveVersion = 1;
	classes = {
	};
	objectVersion = 46;
	objects = {

/* Begin PBXBuildFile section */
		0E00CB051558F3E30098CECF /* JSONKit.m in Sources */ = {isa = PBXBuildFile; fileRef = 0E00CB041558F3E30098CECF /* JSONKit.m */; };
		0E00CB061558F3E30098CECF /* JSONKit.m in Sources */ = {isa = PBXBuildFile; fileRef = 0E00CB041558F3E30098CECF /* JSONKit.m */; };
		0E3FDFE11553DB4A001E4B79 /* ReadListViewController.m in Sources */ = {isa = PBXBuildFile; fileRef = 0E3FDFE01553DB4A001E4B79 /* ReadListViewController.m */; };
		0E6BCA2915525AD600EE8657 /* UIKit.framework in Frameworks */ = {isa = PBXBuildFile; fileRef = 0E6BCA2815525AD600EE8657 /* UIKit.framework */; };
		0E6BCA2B15525AD600EE8657 /* Foundation.framework in Frameworks */ = {isa = PBXBuildFile; fileRef = 0E6BCA2A15525AD600EE8657 /* Foundation.framework */; };
		0E6BCA2D15525AD600EE8657 /* CoreGraphics.framework in Frameworks */ = {isa = PBXBuildFile; fileRef = 0E6BCA2C15525AD600EE8657 /* CoreGraphics.framework */; };
		0E6BCA3315525AD600EE8657 /* InfoPlist.strings in Resources */ = {isa = PBXBuildFile; fileRef = 0E6BCA3115525AD600EE8657 /* InfoPlist.strings */; };
		0E6BCA3515525AD600EE8657 /* main.m in Sources */ = {isa = PBXBuildFile; fileRef = 0E6BCA3415525AD600EE8657 /* main.m */; };
		0E6BCA3915525AD600EE8657 /* AppDelegate.m in Sources */ = {isa = PBXBuildFile; fileRef = 0E6BCA3815525AD600EE8657 /* AppDelegate.m */; };
		0E6BCA4115525AD600EE8657 /* SenTestingKit.framework in Frameworks */ = {isa = PBXBuildFile; fileRef = 0E6BCA4015525AD600EE8657 /* SenTestingKit.framework */; };
		0E6BCA4215525AD600EE8657 /* UIKit.framework in Frameworks */ = {isa = PBXBuildFile; fileRef = 0E6BCA2815525AD600EE8657 /* UIKit.framework */; };
		0E6BCA4315525AD600EE8657 /* Foundation.framework in Frameworks */ = {isa = PBXBuildFile; fileRef = 0E6BCA2A15525AD600EE8657 /* Foundation.framework */; };
		0E6BCA4B15525AD600EE8657 /* InfoPlist.strings in Resources */ = {isa = PBXBuildFile; fileRef = 0E6BCA4915525AD600EE8657 /* InfoPlist.strings */; };
		0E6BCA4E15525AD600EE8657 /* ReadItPadTests.m in Sources */ = {isa = PBXBuildFile; fileRef = 0E6BCA4D15525AD600EE8657 /* ReadItPadTests.m */; };
		0E6BCA6A15525AFD00EE8657 /* ReadItLaterLite.m in Sources */ = {isa = PBXBuildFile; fileRef = 0E6BCA6115525AFD00EE8657 /* ReadItLaterLite.m */; };
		0E6BCA6B15525AFD00EE8657 /* ReadItLaterLite.m in Sources */ = {isa = PBXBuildFile; fileRef = 0E6BCA6115525AFD00EE8657 /* ReadItLaterLite.m */; };
		0E6BCA6E15525B3300EE8657 /* HomeViewController.m in Sources */ = {isa = PBXBuildFile; fileRef = 0E6BCA6D15525B3300EE8657 /* HomeViewController.m */; };
		0E6BCA6F15525B3300EE8657 /* HomeViewController.m in Sources */ = {isa = PBXBuildFile; fileRef = 0E6BCA6D15525B3300EE8657 /* HomeViewController.m */; };
		0E6EBDA815592679008A4B7C /* FMDatabase.m in Sources */ = {isa = PBXBuildFile; fileRef = 0E6EBD9E15592679008A4B7C /* FMDatabase.m */; };
		0E6EBDA915592679008A4B7C /* FMDatabase.m in Sources */ = {isa = PBXBuildFile; fileRef = 0E6EBD9E15592679008A4B7C /* FMDatabase.m */; };
		0E6EBDAA15592679008A4B7C /* FMDatabaseAdditions.m in Sources */ = {isa = PBXBuildFile; fileRef = 0E6EBDA015592679008A4B7C /* FMDatabaseAdditions.m */; };
		0E6EBDAB15592679008A4B7C /* FMDatabaseAdditions.m in Sources */ = {isa = PBXBuildFile; fileRef = 0E6EBDA015592679008A4B7C /* FMDatabaseAdditions.m */; };
		0E6EBDAC15592679008A4B7C /* FMDatabasePool.m in Sources */ = {isa = PBXBuildFile; fileRef = 0E6EBDA215592679008A4B7C /* FMDatabasePool.m */; };
		0E6EBDAD15592679008A4B7C /* FMDatabasePool.m in Sources */ = {isa = PBXBuildFile; fileRef = 0E6EBDA215592679008A4B7C /* FMDatabasePool.m */; };
		0E6EBDAE15592679008A4B7C /* FMDatabaseQueue.m in Sources */ = {isa = PBXBuildFile; fileRef = 0E6EBDA415592679008A4B7C /* FMDatabaseQueue.m */; };
		0E6EBDAF15592679008A4B7C /* FMDatabaseQueue.m in Sources */ = {isa = PBXBuildFile; fileRef = 0E6EBDA415592679008A4B7C /* FMDatabaseQueue.m */; };
		0E6EBDB215592679008A4B7C /* FMResultSet.m in Sources */ = {isa = PBXBuildFile; fileRef = 0E6EBDA715592679008A4B7C /* FMResultSet.m */; };
		0E6EBDB315592679008A4B7C /* FMResultSet.m in Sources */ = {isa = PBXBuildFile; fileRef = 0E6EBDA715592679008A4B7C /* FMResultSet.m */; };
		0E6EBDB61559278A008A4B7C /* libsqlite3.dylib in Frameworks */ = {isa = PBXBuildFile; fileRef = 0E6EBDB51559278A008A4B7C /* libsqlite3.dylib */; };
		0E89A39015577CF200EFB650 /* ReadItLaterAddition.m in Sources */ = {isa = PBXBuildFile; fileRef = 0E89A38F15577CF200EFB650 /* ReadItLaterAddition.m */; };
		0E89A39115577CF200EFB650 /* ReadItLaterAddition.m in Sources */ = {isa = PBXBuildFile; fileRef = 0E89A38F15577CF200EFB650 /* ReadItLaterAddition.m */; };
		0E89A3941557992500EFB650 /* read.plist in Resources */ = {isa = PBXBuildFile; fileRef = 0E89A3931557992500EFB650 /* read.plist */; };
		0E89A3951557992500EFB650 /* read.plist in Resources */ = {isa = PBXBuildFile; fileRef = 0E89A3931557992500EFB650 /* read.plist */; };
		0EB1A2141553C67A008886E3 /* Reachability.m in Sources */ = {isa = PBXBuildFile; fileRef = 0EB1A2131553C67A008886E3 /* Reachability.m */; };
		0EB1A2151553C67A008886E3 /* Reachability.m in Sources */ = {isa = PBXBuildFile; fileRef = 0EB1A2131553C67A008886E3 /* Reachability.m */; };
		0EB1A21B1553CBF6008886E3 /* SystemConfiguration.framework in Frameworks */ = {isa = PBXBuildFile; fileRef = 0EB1A21A1553CBF6008886E3 /* SystemConfiguration.framework */; };
		0ED0AF6A1552885E00D6A66D /* RegexKitLite.m in Sources */ = {isa = PBXBuildFile; fileRef = 0ED0AF531552885E00D6A66D /* RegexKitLite.m */; };
		0ED0AF6B1552885E00D6A66D /* RegexKitLite.m in Sources */ = {isa = PBXBuildFile; fileRef = 0ED0AF531552885E00D6A66D /* RegexKitLite.m */; };
		0ED0AF841552939900D6A66D /* libicucore.dylib in Frameworks */ = {isa = PBXBuildFile; fileRef = 0ED0AF831552939900D6A66D /* libicucore.dylib */; };
		0EDA6B91155B8C70003F6820 /* MBProgressHUD.m in Sources */ = {isa = PBXBuildFile; fileRef = 0EDA6B90155B8C70003F6820 /* MBProgressHUD.m */; };
		0EDA6B92155B8C70003F6820 /* MBProgressHUD.m in Sources */ = {isa = PBXBuildFile; fileRef = 0EDA6B90155B8C70003F6820 /* MBProgressHUD.m */; };
		2C119F881617DA5F00DE71DC /* ReadListObject.m in Sources */ = {isa = PBXBuildFile; fileRef = 2C119F871617DA5F00DE71DC /* ReadListObject.m */; };
		2CF21CCB1599FBB200BD4A82 /* ReadDetailViewController.m in Sources */ = {isa = PBXBuildFile; fileRef = 2CF21CCA1599FBB200BD4A82 /* ReadDetailViewController.m */; };
/* End PBXBuildFile section */

/* Begin PBXContainerItemProxy section */
		0E6BCA4415525AD600EE8657 /* PBXContainerItemProxy */ = {
			isa = PBXContainerItemProxy;
			containerPortal = 0E6BCA1B15525AD500EE8657 /* Project object */;
			proxyType = 1;
			remoteGlobalIDString = 0E6BCA2315525AD600EE8657;
			remoteInfo = ReadItPad;
		};
/* End PBXContainerItemProxy section */

/* Begin PBXFileReference section */
		0E00CB031558F3E30098CECF /* JSONKit.h */ = {isa = PBXFileReference; fileEncoding = 4; lastKnownFileType = sourcecode.c.h; path = JSONKit.h; sourceTree = "<group>"; };
		0E00CB041558F3E30098CECF /* JSONKit.m */ = {isa = PBXFileReference; fileEncoding = 4; lastKnownFileType = sourcecode.c.objc; path = JSONKit.m; sourceTree = "<group>"; };
		0E3FDFDF1553DB4A001E4B79 /* ReadListViewController.h */ = {isa = PBXFileReference; fileEncoding = 4; lastKnownFileType = sourcecode.c.h; path = ReadListViewController.h; sourceTree = "<group>"; };
		0E3FDFE01553DB4A001E4B79 /* ReadListViewController.m */ = {isa = PBXFileReference; fileEncoding = 4; lastKnownFileType = sourcecode.c.objc; path = ReadListViewController.m; sourceTree = "<group>"; };
		0E6BCA2415525AD600EE8657 /* ReadItPad.app */ = {isa = PBXFileReference; explicitFileType = wrapper.application; includeInIndex = 0; path = ReadItPad.app; sourceTree = BUILT_PRODUCTS_DIR; };
		0E6BCA2815525AD600EE8657 /* UIKit.framework */ = {isa = PBXFileReference; lastKnownFileType = wrapper.framework; name = UIKit.framework; path = System/Library/Frameworks/UIKit.framework; sourceTree = SDKROOT; };
		0E6BCA2A15525AD600EE8657 /* Foundation.framework */ = {isa = PBXFileReference; lastKnownFileType = wrapper.framework; name = Foundation.framework; path = System/Library/Frameworks/Foundation.framework; sourceTree = SDKROOT; };
		0E6BCA2C15525AD600EE8657 /* CoreGraphics.framework */ = {isa = PBXFileReference; lastKnownFileType = wrapper.framework; name = CoreGraphics.framework; path = System/Library/Frameworks/CoreGraphics.framework; sourceTree = SDKROOT; };
		0E6BCA3015525AD600EE8657 /* ReadItPad-Info.plist */ = {isa = PBXFileReference; lastKnownFileType = text.plist.xml; path = "ReadItPad-Info.plist"; sourceTree = "<group>"; };
		0E6BCA3215525AD600EE8657 /* en */ = {isa = PBXFileReference; lastKnownFileType = text.plist.strings; name = en; path = en.lproj/InfoPlist.strings; sourceTree = "<group>"; };
		0E6BCA3415525AD600EE8657 /* main.m */ = {isa = PBXFileReference; lastKnownFileType = sourcecode.c.objc; path = main.m; sourceTree = "<group>"; };
		0E6BCA3615525AD600EE8657 /* ReadItPad-Prefix.pch */ = {isa = PBXFileReference; lastKnownFileType = sourcecode.c.h; path = "ReadItPad-Prefix.pch"; sourceTree = "<group>"; };
		0E6BCA3715525AD600EE8657 /* AppDelegate.h */ = {isa = PBXFileReference; lastKnownFileType = sourcecode.c.h; path = AppDelegate.h; sourceTree = "<group>"; };
		0E6BCA3815525AD600EE8657 /* AppDelegate.m */ = {isa = PBXFileReference; lastKnownFileType = sourcecode.c.objc; path = AppDelegate.m; sourceTree = "<group>"; };
		0E6BCA3F15525AD600EE8657 /* ReadItPadTests.octest */ = {isa = PBXFileReference; explicitFileType = wrapper.cfbundle; includeInIndex = 0; path = ReadItPadTests.octest; sourceTree = BUILT_PRODUCTS_DIR; };
		0E6BCA4015525AD600EE8657 /* SenTestingKit.framework */ = {isa = PBXFileReference; lastKnownFileType = wrapper.framework; name = SenTestingKit.framework; path = Library/Frameworks/SenTestingKit.framework; sourceTree = DEVELOPER_DIR; };
		0E6BCA4815525AD600EE8657 /* ReadItPadTests-Info.plist */ = {isa = PBXFileReference; lastKnownFileType = text.plist.xml; path = "ReadItPadTests-Info.plist"; sourceTree = "<group>"; };
		0E6BCA4A15525AD600EE8657 /* en */ = {isa = PBXFileReference; lastKnownFileType = text.plist.strings; name = en; path = en.lproj/InfoPlist.strings; sourceTree = "<group>"; };
		0E6BCA4C15525AD600EE8657 /* ReadItPadTests.h */ = {isa = PBXFileReference; lastKnownFileType = sourcecode.c.h; path = ReadItPadTests.h; sourceTree = "<group>"; };
		0E6BCA4D15525AD600EE8657 /* ReadItPadTests.m */ = {isa = PBXFileReference; lastKnownFileType = sourcecode.c.objc; path = ReadItPadTests.m; sourceTree = "<group>"; };
		0E6BCA6015525AFD00EE8657 /* ReadItLaterLite.h */ = {isa = PBXFileReference; fileEncoding = 4; lastKnownFileType = sourcecode.c.h; path = ReadItLaterLite.h; sourceTree = "<group>"; };
		0E6BCA6115525AFD00EE8657 /* ReadItLaterLite.m */ = {isa = PBXFileReference; fileEncoding = 4; lastKnownFileType = sourcecode.c.objc; path = ReadItLaterLite.m; sourceTree = "<group>"; };
		0E6BCA6C15525B3300EE8657 /* HomeViewController.h */ = {isa = PBXFileReference; fileEncoding = 4; lastKnownFileType = sourcecode.c.h; path = HomeViewController.h; sourceTree = "<group>"; };
		0E6BCA6D15525B3300EE8657 /* HomeViewController.m */ = {isa = PBXFileReference; fileEncoding = 4; lastKnownFileType = sourcecode.c.objc; path = HomeViewController.m; sourceTree = "<group>"; };
		0E6EBD9D15592679008A4B7C /* FMDatabase.h */ = {isa = PBXFileReference; fileEncoding = 4; lastKnownFileType = sourcecode.c.h; path = FMDatabase.h; sourceTree = "<group>"; };
		0E6EBD9E15592679008A4B7C /* FMDatabase.m */ = {isa = PBXFileReference; fileEncoding = 4; lastKnownFileType = sourcecode.c.objc; path = FMDatabase.m; sourceTree = "<group>"; };
		0E6EBD9F15592679008A4B7C /* FMDatabaseAdditions.h */ = {isa = PBXFileReference; fileEncoding = 4; lastKnownFileType = sourcecode.c.h; path = FMDatabaseAdditions.h; sourceTree = "<group>"; };
		0E6EBDA015592679008A4B7C /* FMDatabaseAdditions.m */ = {isa = PBXFileReference; fileEncoding = 4; lastKnownFileType = sourcecode.c.objc; path = FMDatabaseAdditions.m; sourceTree = "<group>"; };
		0E6EBDA115592679008A4B7C /* FMDatabasePool.h */ = {isa = PBXFileReference; fileEncoding = 4; lastKnownFileType = sourcecode.c.h; path = FMDatabasePool.h; sourceTree = "<group>"; };
		0E6EBDA215592679008A4B7C /* FMDatabasePool.m */ = {isa = PBXFileReference; fileEncoding = 4; lastKnownFileType = sourcecode.c.objc; path = FMDatabasePool.m; sourceTree = "<group>"; };
		0E6EBDA315592679008A4B7C /* FMDatabaseQueue.h */ = {isa = PBXFileReference; fileEncoding = 4; lastKnownFileType = sourcecode.c.h; path = FMDatabaseQueue.h; sourceTree = "<group>"; };
		0E6EBDA415592679008A4B7C /* FMDatabaseQueue.m */ = {isa = PBXFileReference; fileEncoding = 4; lastKnownFileType = sourcecode.c.objc; path = FMDatabaseQueue.m; sourceTree = "<group>"; };
		0E6EBDA615592679008A4B7C /* FMResultSet.h */ = {isa = PBXFileReference; fileEncoding = 4; lastKnownFileType = sourcecode.c.h; path = FMResultSet.h; sourceTree = "<group>"; };
		0E6EBDA715592679008A4B7C /* FMResultSet.m */ = {isa = PBXFileReference; fileEncoding = 4; lastKnownFileType = sourcecode.c.objc; path = FMResultSet.m; sourceTree = "<group>"; };
		0E6EBDB51559278A008A4B7C /* libsqlite3.dylib */ = {isa = PBXFileReference; lastKnownFileType = "compiled.mach-o.dylib"; name = libsqlite3.dylib; path = usr/lib/libsqlite3.dylib; sourceTree = SDKROOT; };
		0E89A38E15577CF200EFB650 /* ReadItLaterAddition.h */ = {isa = PBXFileReference; fileEncoding = 4; lastKnownFileType = sourcecode.c.h; path = ReadItLaterAddition.h; sourceTree = "<group>"; };
		0E89A38F15577CF200EFB650 /* ReadItLaterAddition.m */ = {isa = PBXFileReference; fileEncoding = 4; lastKnownFileType = sourcecode.c.objc; path = ReadItLaterAddition.m; sourceTree = "<group>"; };
		0E89A3931557992500EFB650 /* read.plist */ = {isa = PBXFileReference; fileEncoding = 4; lastKnownFileType = text.plist.xml; path = read.plist; sourceTree = "<group>"; };
		0EB1A2121553C67A008886E3 /* Reachability.h */ = {isa = PBXFileReference; fileEncoding = 4; lastKnownFileType = sourcecode.c.h; path = Reachability.h; sourceTree = "<group>"; };
		0EB1A2131553C67A008886E3 /* Reachability.m */ = {isa = PBXFileReference; fileEncoding = 4; lastKnownFileType = sourcecode.c.objc; path = Reachability.m; sourceTree = "<group>"; };
		0EB1A2161553CAE9008886E3 /* CFNetwork.framework */ = {isa = PBXFileReference; lastKnownFileType = wrapper.framework; name = CFNetwork.framework; path = System/Library/Frameworks/CFNetwork.framework; sourceTree = SDKROOT; };
		0EB1A2181553CB01008886E3 /* libsystem_network.dylib */ = {isa = PBXFileReference; lastKnownFileType = "compiled.mach-o.dylib"; name = libsystem_network.dylib; path = usr/lib/system/libsystem_network.dylib; sourceTree = SDKROOT; };
		0EB1A21A1553CBF6008886E3 /* SystemConfiguration.framework */ = {isa = PBXFileReference; lastKnownFileType = wrapper.framework; name = SystemConfiguration.framework; path = System/Library/Frameworks/SystemConfiguration.framework; sourceTree = SDKROOT; };
		0ED0AF511552885E00D6A66D /* RegexKitLite.h */ = {isa = PBXFileReference; fileEncoding = 4; lastKnownFileType = sourcecode.c.h; path = RegexKitLite.h; sourceTree = "<group>"; };
		0ED0AF531552885E00D6A66D /* RegexKitLite.m */ = {isa = PBXFileReference; fileEncoding = 4; lastKnownFileType = sourcecode.c.objc; path = RegexKitLite.m; sourceTree = "<group>"; };
		0ED0AF831552939900D6A66D /* libicucore.dylib */ = {isa = PBXFileReference; lastKnownFileType = "compiled.mach-o.dylib"; name = libicucore.dylib; path = usr/lib/libicucore.dylib; sourceTree = SDKROOT; };
		0EDA6B8F155B8C70003F6820 /* MBProgressHUD.h */ = {isa = PBXFileReference; fileEncoding = 4; lastKnownFileType = sourcecode.c.h; path = MBProgressHUD.h; sourceTree = "<group>"; };
		0EDA6B90155B8C70003F6820 /* MBProgressHUD.m */ = {isa = PBXFileReference; fileEncoding = 4; lastKnownFileType = sourcecode.c.objc; path = MBProgressHUD.m; sourceTree = "<group>"; };
		2C119F861617DA5F00DE71DC /* ReadListObject.h */ = {isa = PBXFileReference; fileEncoding = 4; lastKnownFileType = sourcecode.c.h; path = ReadListObject.h; sourceTree = "<group>"; };
		2C119F871617DA5F00DE71DC /* ReadListObject.m */ = {isa = PBXFileReference; fileEncoding = 4; lastKnownFileType = sourcecode.c.objc; path = ReadListObject.m; sourceTree = "<group>"; };
		2CF21CC91599FBB200BD4A82 /* ReadDetailViewController.h */ = {isa = PBXFileReference; fileEncoding = 4; lastKnownFileType = sourcecode.c.h; path = ReadDetailViewController.h; sourceTree = "<group>"; };
		2CF21CCA1599FBB200BD4A82 /* ReadDetailViewController.m */ = {isa = PBXFileReference; fileEncoding = 4; lastKnownFileType = sourcecode.c.objc; path = ReadDetailViewController.m; sourceTree = "<group>"; };
/* End PBXFileReference section */

/* Begin PBXFrameworksBuildPhase section */
		0E6BCA2115525AD600EE8657 /* Frameworks */ = {
			isa = PBXFrameworksBuildPhase;
			buildActionMask = 2147483647;
			files = (
				0E6EBDB61559278A008A4B7C /* libsqlite3.dylib in Frameworks */,
				0EB1A21B1553CBF6008886E3 /* SystemConfiguration.framework in Frameworks */,
				0ED0AF841552939900D6A66D /* libicucore.dylib in Frameworks */,
				0E6BCA2915525AD600EE8657 /* UIKit.framework in Frameworks */,
				0E6BCA2B15525AD600EE8657 /* Foundation.framework in Frameworks */,
				0E6BCA2D15525AD600EE8657 /* CoreGraphics.framework in Frameworks */,
			);
			runOnlyForDeploymentPostprocessing = 0;
		};
		0E6BCA3B15525AD600EE8657 /* Frameworks */ = {
			isa = PBXFrameworksBuildPhase;
			buildActionMask = 2147483647;
			files = (
				0E6BCA4115525AD600EE8657 /* SenTestingKit.framework in Frameworks */,
				0E6BCA4215525AD600EE8657 /* UIKit.framework in Frameworks */,
				0E6BCA4315525AD600EE8657 /* Foundation.framework in Frameworks */,
			);
			runOnlyForDeploymentPostprocessing = 0;
		};
/* End PBXFrameworksBuildPhase section */

/* Begin PBXGroup section */
		0E6BCA1915525AD500EE8657 = {
			isa = PBXGroup;
			children = (
				0E6BCA2E15525AD600EE8657 /* ReadItPad */,
				0E6BCA4615525AD600EE8657 /* ReadItPadTests */,
				0E6BCA2715525AD600EE8657 /* Frameworks */,
				0E6BCA2515525AD600EE8657 /* Products */,
			);
			sourceTree = "<group>";
		};
		0E6BCA2515525AD600EE8657 /* Products */ = {
			isa = PBXGroup;
			children = (
				0E6BCA2415525AD600EE8657 /* ReadItPad.app */,
				0E6BCA3F15525AD600EE8657 /* ReadItPadTests.octest */,
			);
			name = Products;
			sourceTree = "<group>";
		};
		0E6BCA2715525AD600EE8657 /* Frameworks */ = {
			isa = PBXGroup;
			children = (
				0E6EBDB51559278A008A4B7C /* libsqlite3.dylib */,
				0EB1A21A1553CBF6008886E3 /* SystemConfiguration.framework */,
				0EB1A2181553CB01008886E3 /* libsystem_network.dylib */,
				0EB1A2161553CAE9008886E3 /* CFNetwork.framework */,
				0ED0AF831552939900D6A66D /* libicucore.dylib */,
				0E6BCA2815525AD600EE8657 /* UIKit.framework */,
				0E6BCA2A15525AD600EE8657 /* Foundation.framework */,
				0E6BCA2C15525AD600EE8657 /* CoreGraphics.framework */,
				0E6BCA4015525AD600EE8657 /* SenTestingKit.framework */,
			);
			name = Frameworks;
			sourceTree = "<group>";
		};
		0E6BCA2E15525AD600EE8657 /* ReadItPad */ = {
			isa = PBXGroup;
			children = (
				0E6BCA2F15525AD600EE8657 /* Supporting Files */,
				0EB1A2101553C66A008886E3 /* ToolKit */,
				0E6BCA5715525AFD00EE8657 /* API */,
				0E6BCA3815525AD600EE8657 /* AppDelegate.m */,
				0E6BCA3715525AD600EE8657 /* AppDelegate.h */,
				0E89A3931557992500EFB650 /* read.plist */,
				0E6BCA6C15525B3300EE8657 /* HomeViewController.h */,
				0E6BCA6D15525B3300EE8657 /* HomeViewController.m */,
				0E3FDFDF1553DB4A001E4B79 /* ReadListViewController.h */,
				0E3FDFE01553DB4A001E4B79 /* ReadListViewController.m */,
				2CF21CC91599FBB200BD4A82 /* ReadDetailViewController.h */,
				2CF21CCA1599FBB200BD4A82 /* ReadDetailViewController.m */,
			);
			path = ReadItPad;
			sourceTree = "<group>";
		};
		0E6BCA2F15525AD600EE8657 /* Supporting Files */ = {
			isa = PBXGroup;
			children = (
				0E6BCA3015525AD600EE8657 /* ReadItPad-Info.plist */,
				0E6BCA3115525AD600EE8657 /* InfoPlist.strings */,
				0E6BCA3415525AD600EE8657 /* main.m */,
				0E6BCA3615525AD600EE8657 /* ReadItPad-Prefix.pch */,
			);
			name = "Supporting Files";
			sourceTree = "<group>";
		};
		0E6BCA4615525AD600EE8657 /* ReadItPadTests */ = {
			isa = PBXGroup;
			children = (
				0E6BCA4C15525AD600EE8657 /* ReadItPadTests.h */,
				0E6BCA4D15525AD600EE8657 /* ReadItPadTests.m */,
				0E6BCA4715525AD600EE8657 /* Supporting Files */,
			);
			path = ReadItPadTests;
			sourceTree = "<group>";
		};
		0E6BCA4715525AD600EE8657 /* Supporting Files */ = {
			isa = PBXGroup;
			children = (
				0E6BCA4815525AD600EE8657 /* ReadItPadTests-Info.plist */,
				0E6BCA4915525AD600EE8657 /* InfoPlist.strings */,
			);
			name = "Supporting Files";
			sourceTree = "<group>";
		};
		0E6BCA5715525AFD00EE8657 /* API */ = {
			isa = PBXGroup;
			children = (
				0E6BCA6015525AFD00EE8657 /* ReadItLaterLite.h */,
				0E6BCA6115525AFD00EE8657 /* ReadItLaterLite.m */,
				0E89A38E15577CF200EFB650 /* ReadItLaterAddition.h */,
				0E89A38F15577CF200EFB650 /* ReadItLaterAddition.m */,
				2C119F861617DA5F00DE71DC /* ReadListObject.h */,
				2C119F871617DA5F00DE71DC /* ReadListObject.m */,
			);
			path = API;
			sourceTree = "<group>";
		};
		0E6EBD9C15592679008A4B7C /* fmdb */ = {
			isa = PBXGroup;
			children = (
				0E6EBD9D15592679008A4B7C /* FMDatabase.h */,
				0E6EBD9E15592679008A4B7C /* FMDatabase.m */,
				0E6EBD9F15592679008A4B7C /* FMDatabaseAdditions.h */,
				0E6EBDA015592679008A4B7C /* FMDatabaseAdditions.m */,
				0E6EBDA115592679008A4B7C /* FMDatabasePool.h */,
				0E6EBDA215592679008A4B7C /* FMDatabasePool.m */,
				0E6EBDA315592679008A4B7C /* FMDatabaseQueue.h */,
				0E6EBDA415592679008A4B7C /* FMDatabaseQueue.m */,
				0E6EBDA615592679008A4B7C /* FMResultSet.h */,
				0E6EBDA715592679008A4B7C /* FMResultSet.m */,
			);
			path = fmdb;
			sourceTree = "<group>";
		};
		0EB1A2101553C66A008886E3 /* ToolKit */ = {
			isa = PBXGroup;
			children = (
				0E6EBD9C15592679008A4B7C /* fmdb */,
				0ED0AF421552885E00D6A66D /* RegexKitLite */,
				0EDA6B8F155B8C70003F6820 /* MBProgressHUD.h */,
				0EDA6B90155B8C70003F6820 /* MBProgressHUD.m */,
				0E00CB031558F3E30098CECF /* JSONKit.h */,
				0E00CB041558F3E30098CECF /* JSONKit.m */,
				0EB1A2121553C67A008886E3 /* Reachability.h */,
				0EB1A2131553C67A008886E3 /* Reachability.m */,
			);
			path = ToolKit;
			sourceTree = "<group>";
		};
		0ED0AF421552885E00D6A66D /* RegexKitLite */ = {
			isa = PBXGroup;
			children = (
				0ED0AF511552885E00D6A66D /* RegexKitLite.h */,
				0ED0AF531552885E00D6A66D /* RegexKitLite.m */,
			);
			name = RegexKitLite;
			path = ../RegexKitLite;
			sourceTree = "<group>";
		};
/* End PBXGroup section */

/* Begin PBXNativeTarget section */
		0E6BCA2315525AD600EE8657 /* ReadItPad */ = {
			isa = PBXNativeTarget;
			buildConfigurationList = 0E6BCA5115525AD600EE8657 /* Build configuration list for PBXNativeTarget "ReadItPad" */;
			buildPhases = (
				0E6BCA2015525AD600EE8657 /* Sources */,
				0E6BCA2115525AD600EE8657 /* Frameworks */,
				0E6BCA2215525AD600EE8657 /* Resources */,
			);
			buildRules = (
			);
			dependencies = (
			);
			name = ReadItPad;
			productName = ReadItPad;
			productReference = 0E6BCA2415525AD600EE8657 /* ReadItPad.app */;
			productType = "com.apple.product-type.application";
		};
		0E6BCA3E15525AD600EE8657 /* ReadItPadTests */ = {
			isa = PBXNativeTarget;
			buildConfigurationList = 0E6BCA5415525AD600EE8657 /* Build configuration list for PBXNativeTarget "ReadItPadTests" */;
			buildPhases = (
				0E6BCA3A15525AD600EE8657 /* Sources */,
				0E6BCA3B15525AD600EE8657 /* Frameworks */,
				0E6BCA3C15525AD600EE8657 /* Resources */,
				0E6BCA3D15525AD600EE8657 /* ShellScript */,
			);
			buildRules = (
			);
			dependencies = (
				0E6BCA4515525AD600EE8657 /* PBXTargetDependency */,
			);
			name = ReadItPadTests;
			productName = ReadItPadTests;
			productReference = 0E6BCA3F15525AD600EE8657 /* ReadItPadTests.octest */;
			productType = "com.apple.product-type.bundle";
		};
/* End PBXNativeTarget section */

/* Begin PBXProject section */
		0E6BCA1B15525AD500EE8657 /* Project object */ = {
			isa = PBXProject;
			attributes = {
				LastUpgradeCheck = 0420;
			};
			buildConfigurationList = 0E6BCA1E15525AD500EE8657 /* Build configuration list for PBXProject "ReadItPad" */;
			compatibilityVersion = "Xcode 3.2";
			developmentRegion = English;
			hasScannedForEncodings = 0;
			knownRegions = (
				en,
			);
			mainGroup = 0E6BCA1915525AD500EE8657;
			productRefGroup = 0E6BCA2515525AD600EE8657 /* Products */;
			projectDirPath = "";
			projectRoot = "";
			targets = (
				0E6BCA2315525AD600EE8657 /* ReadItPad */,
				0E6BCA3E15525AD600EE8657 /* ReadItPadTests */,
			);
		};
/* End PBXProject section */

/* Begin PBXResourcesBuildPhase section */
		0E6BCA2215525AD600EE8657 /* Resources */ = {
			isa = PBXResourcesBuildPhase;
			buildActionMask = 2147483647;
			files = (
				0E6BCA3315525AD600EE8657 /* InfoPlist.strings in Resources */,
				0E89A3941557992500EFB650 /* read.plist in Resources */,
			);
			runOnlyForDeploymentPostprocessing = 0;
		};
		0E6BCA3C15525AD600EE8657 /* Resources */ = {
			isa = PBXResourcesBuildPhase;
			buildActionMask = 2147483647;
			files = (
				0E6BCA4B15525AD600EE8657 /* InfoPlist.strings in Resources */,
				0E89A3951557992500EFB650 /* read.plist in Resources */,
			);
			runOnlyForDeploymentPostprocessing = 0;
		};
/* End PBXResourcesBuildPhase section */

/* Begin PBXShellScriptBuildPhase section */
		0E6BCA3D15525AD600EE8657 /* ShellScript */ = {
			isa = PBXShellScriptBuildPhase;
			buildActionMask = 2147483647;
			files = (
			);
			inputPaths = (
			);
			outputPaths = (
			);
			runOnlyForDeploymentPostprocessing = 0;
			shellPath = /bin/sh;
			shellScript = "# Run the unit tests in this test bundle.\n\"${SYSTEM_DEVELOPER_DIR}/Tools/RunUnitTests\"\n";
		};
/* End PBXShellScriptBuildPhase section */

/* Begin PBXSourcesBuildPhase section */
		0E6BCA2015525AD600EE8657 /* Sources */ = {
			isa = PBXSourcesBuildPhase;
			buildActionMask = 2147483647;
			files = (
				0E6BCA3515525AD600EE8657 /* main.m in Sources */,
				0E6BCA3915525AD600EE8657 /* AppDelegate.m in Sources */,
				0E6BCA6A15525AFD00EE8657 /* ReadItLaterLite.m in Sources */,
				0E6BCA6E15525B3300EE8657 /* HomeViewController.m in Sources */,
				0ED0AF6A1552885E00D6A66D /* RegexKitLite.m in Sources */,
				0EB1A2141553C67A008886E3 /* Reachability.m in Sources */,
				0E3FDFE11553DB4A001E4B79 /* ReadListViewController.m in Sources */,
				0E89A39015577CF200EFB650 /* ReadItLaterAddition.m in Sources */,
				0E00CB051558F3E30098CECF /* JSONKit.m in Sources */,
				0E6EBDA815592679008A4B7C /* FMDatabase.m in Sources */,
				0E6EBDAA15592679008A4B7C /* FMDatabaseAdditions.m in Sources */,
				0E6EBDAC15592679008A4B7C /* FMDatabasePool.m in Sources */,
				0E6EBDAE15592679008A4B7C /* FMDatabaseQueue.m in Sources */,
				0E6EBDB215592679008A4B7C /* FMResultSet.m in Sources */,
				0EDA6B91155B8C70003F6820 /* MBProgressHUD.m in Sources */,
				2CF21CCB1599FBB200BD4A82 /* ReadDetailViewController.m in Sources */,
				2C119F881617DA5F00DE71DC /* ReadListObject.m in Sources */,
			);
			runOnlyForDeploymentPostprocessing = 0;
		};
		0E6BCA3A15525AD600EE8657 /* Sources */ = {
			isa = PBXSourcesBuildPhase;
			buildActionMask = 2147483647;
			files = (
				0E6BCA4E15525AD600EE8657 /* ReadItPadTests.m in Sources */,
				0E6BCA6B15525AFD00EE8657 /* ReadItLaterLite.m in Sources */,
				0E6BCA6F15525B3300EE8657 /* HomeViewController.m in Sources */,
				0ED0AF6B1552885E00D6A66D /* RegexKitLite.m in Sources */,
				0EB1A2151553C67A008886E3 /* Reachability.m in Sources */,
				0E89A39115577CF200EFB650 /* ReadItLaterAddition.m in Sources */,
				0E00CB061558F3E30098CECF /* JSONKit.m in Sources */,
				0E6EBDA915592679008A4B7C /* FMDatabase.m in Sources */,
				0E6EBDAB15592679008A4B7C /* FMDatabaseAdditions.m in Sources */,
				0E6EBDAD15592679008A4B7C /* FMDatabasePool.m in Sources */,
				0E6EBDAF15592679008A4B7C /* FMDatabaseQueue.m in Sources */,
				0E6EBDB315592679008A4B7C /* FMResultSet.m in Sources */,
				0EDA6B92155B8C70003F6820 /* MBProgressHUD.m in Sources */,
			);
			runOnlyForDeploymentPostprocessing = 0;
		};
/* End PBXSourcesBuildPhase section */

/* Begin PBXTargetDependency section */
		0E6BCA4515525AD600EE8657 /* PBXTargetDependency */ = {
			isa = PBXTargetDependency;
			target = 0E6BCA2315525AD600EE8657 /* ReadItPad */;
			targetProxy = 0E6BCA4415525AD600EE8657 /* PBXContainerItemProxy */;
		};
/* End PBXTargetDependency section */

/* Begin PBXVariantGroup section */
		0E6BCA3115525AD600EE8657 /* InfoPlist.strings */ = {
			isa = PBXVariantGroup;
			children = (
				0E6BCA3215525AD600EE8657 /* en */,
			);
			name = InfoPlist.strings;
			sourceTree = "<group>";
		};
		0E6BCA4915525AD600EE8657 /* InfoPlist.strings */ = {
			isa = PBXVariantGroup;
			children = (
				0E6BCA4A15525AD600EE8657 /* en */,
			);
			name = InfoPlist.strings;
			sourceTree = "<group>";
		};
/* End PBXVariantGroup section */

/* Begin XCBuildConfiguration section */
		0E6BCA4F15525AD600EE8657 /* Debug */ = {
			isa = XCBuildConfiguration;
			buildSettings = {
				ALWAYS_SEARCH_USER_PATHS = NO;
				ARCHS = "$(ARCHS_STANDARD_32_BIT)";
				CODE_SIGN_IDENTITY = "iPhone Developer: huang yuanzhi (G56M3M2LN3)";
				"CODE_SIGN_IDENTITY[sdk=iphoneos*]" = "iPhone Developer: huang yuanzhi (G56M3M2LN3)";
				COPY_PHASE_STRIP = NO;
				GCC_C_LANGUAGE_STANDARD = gnu99;
				GCC_DYNAMIC_NO_PIC = NO;
				GCC_OPTIMIZATION_LEVEL = 0;
				GCC_PREPROCESSOR_DEFINITIONS = (
					"DEBUG=1",
					"$(inherited)",
				);
				GCC_SYMBOLS_PRIVATE_EXTERN = NO;
				GCC_VERSION = com.apple.compilers.llvm.clang.1_0;
				GCC_WARN_ABOUT_MISSING_PROTOTYPES = YES;
				GCC_WARN_ABOUT_RETURN_TYPE = YES;
				GCC_WARN_UNUSED_VARIABLE = YES;
				IPHONEOS_DEPLOYMENT_TARGET = 5.0;
				PROVISIONING_PROFILE = "ECD07C62-F508-4AFF-A6FB-49B0114B6B48";
				"PROVISIONING_PROFILE[sdk=iphoneos*]" = "ECD07C62-F508-4AFF-A6FB-49B0114B6B48";
				SDKROOT = iphoneos;
			};
			name = Debug;
		};
		0E6BCA5015525AD600EE8657 /* Release */ = {
			isa = XCBuildConfiguration;
			buildSettings = {
				ALWAYS_SEARCH_USER_PATHS = NO;
				ARCHS = "$(ARCHS_STANDARD_32_BIT)";
				CODE_SIGN_IDENTITY = "iPhone Developer: huang yuanzhi (G56M3M2LN3)";
				"CODE_SIGN_IDENTITY[sdk=iphoneos*]" = "iPhone Developer: huang yuanzhi (G56M3M2LN3)";
				COPY_PHASE_STRIP = YES;
				GCC_C_LANGUAGE_STANDARD = gnu99;
				GCC_VERSION = com.apple.compilers.llvm.clang.1_0;
				GCC_WARN_ABOUT_MISSING_PROTOTYPES = YES;
				GCC_WARN_ABOUT_RETURN_TYPE = YES;
				GCC_WARN_UNUSED_VARIABLE = YES;
				IPHONEOS_DEPLOYMENT_TARGET = 5.0;
				OTHER_CFLAGS = "-DNS_BLOCK_ASSERTIONS=1";
				PROVISIONING_PROFILE = "ECD07C62-F508-4AFF-A6FB-49B0114B6B48";
				"PROVISIONING_PROFILE[sdk=iphoneos*]" = "ECD07C62-F508-4AFF-A6FB-49B0114B6B48";
				SDKROOT = iphoneos;
				VALIDATE_PRODUCT = YES;
			};
			name = Release;
		};
		0E6BCA5215525AD600EE8657 /* Debug */ = {
			isa = XCBuildConfiguration;
			buildSettings = {
				CODE_SIGN_IDENTITY = "iPhone Developer: huang yuanzhi (G56M3M2LN3)";
				"CODE_SIGN_IDENTITY[sdk=iphoneos*]" = "iPhone Developer: huang yuanzhi (G56M3M2LN3)";
				GCC_PRECOMPILE_PREFIX_HEADER = YES;
				GCC_PREFIX_HEADER = "ReadItPad/ReadItPad-Prefix.pch";
				INFOPLIST_FILE = "ReadItPad/ReadItPad-Info.plist";
				IPHONEOS_DEPLOYMENT_TARGET = 4.2;
				LIBRARY_SEARCH_PATHS = (
					"$(inherited)",
					"\"$(SDKROOT)/usr/lib/system\"",
				);
				PRODUCT_NAME = "$(TARGET_NAME)";
				PROVISIONING_PROFILE = "ECD07C62-F508-4AFF-A6FB-49B0114B6B48";
				"PROVISIONING_PROFILE[sdk=iphoneos*]" = "ECD07C62-F508-4AFF-A6FB-49B0114B6B48";
				TARGETED_DEVICE_FAMILY = 2;
				WRAPPER_EXTENSION = app;
			};
			name = Debug;
		};
		0E6BCA5315525AD600EE8657 /* Release */ = {
			isa = XCBuildConfiguration;
			buildSettings = {
				CODE_SIGN_IDENTITY = "iPhone Developer: huang yuanzhi (G56M3M2LN3)";
				"CODE_SIGN_IDENTITY[sdk=iphoneos*]" = "iPhone Developer: huang yuanzhi (G56M3M2LN3)";
				GCC_PRECOMPILE_PREFIX_HEADER = YES;
				GCC_PREFIX_HEADER = "ReadItPad/ReadItPad-Prefix.pch";
				INFOPLIST_FILE = "ReadItPad/ReadItPad-Info.plist";
				IPHONEOS_DEPLOYMENT_TARGET = 4.2;
				LIBRARY_SEARCH_PATHS = (
					"$(inherited)",
					"\"$(SDKROOT)/usr/lib/system\"",
				);
				PRODUCT_NAME = "$(TARGET_NAME)";
				PROVISIONING_PROFILE = "ECD07C62-F508-4AFF-A6FB-49B0114B6B48";
				"PROVISIONING_PROFILE[sdk=iphoneos*]" = "ECD07C62-F508-4AFF-A6FB-49B0114B6B48";
				TARGETED_DEVICE_FAMILY = 2;
				WRAPPER_EXTENSION = app;
			};
			name = Release;
		};
		0E6BCA5515525AD600EE8657 /* Debug */ = {
			isa = XCBuildConfiguration;
			buildSettings = {
				BUNDLE_LOADER = "$(BUILT_PRODUCTS_DIR)/ReadItPad.app/ReadItPad";
				FRAMEWORK_SEARCH_PATHS = (
					"$(SDKROOT)/Developer/Library/Frameworks",
					"$(DEVELOPER_LIBRARY_DIR)/Frameworks",
				);
				GCC_PRECOMPILE_PREFIX_HEADER = YES;
				GCC_PREFIX_HEADER = "ReadItPad/ReadItPad-Prefix.pch";
				INFOPLIST_FILE = "ReadItPadTests/ReadItPadTests-Info.plist";
				PRODUCT_NAME = "$(TARGET_NAME)";
				TEST_HOST = "$(BUNDLE_LOADER)";
				WRAPPER_EXTENSION = octest;
			};
			name = Debug;
		};
		0E6BCA5615525AD600EE8657 /* Release */ = {
			isa = XCBuildConfiguration;
			buildSettings = {
				BUNDLE_LOADER = "$(BUILT_PRODUCTS_DIR)/ReadItPad.app/ReadItPad";
				FRAMEWORK_SEARCH_PATHS = (
					"$(SDKROOT)/Developer/Library/Frameworks",
					"$(DEVELOPER_LIBRARY_DIR)/Frameworks",
				);
				GCC_PRECOMPILE_PREFIX_HEADER = YES;
				GCC_PREFIX_HEADER = "ReadItPad/ReadItPad-Prefix.pch";
				INFOPLIST_FILE = "ReadItPadTests/ReadItPadTests-Info.plist";
				PRODUCT_NAME = "$(TARGET_NAME)";
				TEST_HOST = "$(BUNDLE_LOADER)";
				WRAPPER_EXTENSION = octest;
			};
			name = Release;
		};
/* End XCBuildConfiguration section */

/* Begin XCConfigurationList section */
		0E6BCA1E15525AD500EE8657 /* Build configuration list for PBXProject "ReadItPad" */ = {
			isa = XCConfigurationList;
			buildConfigurations = (
				0E6BCA4F15525AD600EE8657 /* Debug */,
				0E6BCA5015525AD600EE8657 /* Release */,
			);
			defaultConfigurationIsVisible = 0;
			defaultConfigurationName = Release;
		};
		0E6BCA5115525AD600EE8657 /* Build configuration list for PBXNativeTarget "ReadItPad" */ = {
			isa = XCConfigurationList;
			buildConfigurations = (
				0E6BCA5215525AD600EE8657 /* Debug */,
				0E6BCA5315525AD600EE8657 /* Release */,
			);
			defaultConfigurationIsVisible = 0;
			defaultConfigurationName = Release;
		};
		0E6BCA5415525AD600EE8657 /* Build configuration list for PBXNativeTarget "ReadItPadTests" */ = {
			isa = XCConfigurationList;
			buildConfigurations = (
				0E6BCA5515525AD600EE8657 /* Debug */,
				0E6BCA5615525AD600EE8657 /* Release */,
			);
			defaultConfigurationIsVisible = 0;
			defaultConfigurationName = Release;
		};
/* End XCConfigurationList section */
	};
	rootObject = 0E6BCA1B15525AD500EE8657 /* Project object */;
}
